
Microsoft Visual Studio Solution File, Format Version 12.00
# Visual Studio Version 17
VisualStudioVersion = 17.8.34511.84
MinimumVisualStudioVersion = 10.0.40219.1
Project("{FAE04EC0-301F-11D3-BF4B-00C04F79EFBC}") = "WPF_MachineService", "WPF_MachineService\WPF_MachineService.csproj", "{11F1C2A0-1647-4C1B-9E73-2F45A3CD42DF}"
EndProject
Global
	GlobalSection(SolutionConfigurationPlatforms) = preSolution
		Debug|Any CPU = Debug|Any CPU
		Release|Any CPU = Release|Any CPU
	EndGlobalSection
	GlobalSection(ProjectConfigurationPlatforms) = postSolution
		{11F1C2A0-1647-4C1B-9E73-2F45A3CD42DF}.Debug|Any CPU.ActiveCfg = Debug|Any CPU
		{11F1C2A0-1647-4C1B-9E73-2F45A3CD42DF}.Debug|Any CPU.Build.0 = Debug|Any CPU
		{11F1C2A0-1647-4C1B-9E73-2F45A3CD42DF}.Release|Any CPU.ActiveCfg = Release|Any CPU
		{11F1C2A0-1647-4C1B-9E73-2F45A3CD42DF}.Release|Any CPU.Build.0 = Release|Any CPU
	EndGlobalSection
	GlobalSection(SolutionProperties) = preSolution
		HideSolutionNode = FALSE
	EndGlobalSection
	GlobalSection(ExtensibilityGlobals) = postSolution
		SolutionGuid = {58F10785-B16B-41B4-AE84-0B829F728F6C}
	EndGlobalSection
EndGlobal
